// !$*UTF8*$!
{
	archiveVersion = 1;
	classes = {
	};
	objectVersion = 56;
	objects = {

/* Begin PBXBuildFile section */
		1AA5CD722ABDB64200EE7BC8 /* AppDelegate.swift in Sources */ = {isa = PBXBuildFile; fileRef = 1AA5CD712ABDB64200EE7BC8 /* AppDelegate.swift */; };
		1AA5CD742ABDB64200EE7BC8 /* SceneDelegate.swift in Sources */ = {isa = PBXBuildFile; fileRef = 1AA5CD732ABDB64200EE7BC8 /* SceneDelegate.swift */; };
		1AA5CD762ABDB64200EE7BC8 /* ViewController.swift in Sources */ = {isa = PBXBuildFile; fileRef = 1AA5CD752ABDB64200EE7BC8 /* ViewController.swift */; };
		1AA5CD792ABDB64200EE7BC8 /* Main.storyboard in Resources */ = {isa = PBXBuildFile; fileRef = 1AA5CD772ABDB64200EE7BC8 /* Main.storyboard */; };
		1AA5CD7B2ABDB64300EE7BC8 /* Assets.xcassets in Resources */ = {isa = PBXBuildFile; fileRef = 1AA5CD7A2ABDB64300EE7BC8 /* Assets.xcassets */; };
		1AA5CD7E2ABDB64300EE7BC8 /* LaunchScreen.storyboard in Resources */ = {isa = PBXBuildFile; fileRef = 1AA5CD7C2ABDB64300EE7BC8 /* LaunchScreen.storyboard */; };
		1AA5CD862ABDB9E200EE7BC8 /* APICaller.swift in Sources */ = {isa = PBXBuildFile; fileRef = 1AA5CD852ABDB9E200EE7BC8 /* APICaller.swift */; };
		1AA5CD882ABDBE4700EE7BC8 /* News.swift in Sources */ = {isa = PBXBuildFile; fileRef = 1AA5CD872ABDBE4700EE7BC8 /* News.swift */; };
		1AA5CD8B2ABDE30000EE7BC8 /* NewsTableViewCell.swift in Sources */ = {isa = PBXBuildFile; fileRef = 1AA5CD892ABDE30000EE7BC8 /* NewsTableViewCell.swift */; };
		1AA5CD8C2ABDE30000EE7BC8 /* NewsTableViewCell.xib in Resources */ = {isa = PBXBuildFile; fileRef = 1AA5CD8A2ABDE30000EE7BC8 /* NewsTableViewCell.xib */; };
/* End PBXBuildFile section */

/* Begin PBXFileReference section */
		1AA5CD6E2ABDB64200EE7BC8 /* Project-9-NewsApp.app */ = {isa = PBXFileReference; explicitFileType = wrapper.application; includeInIndex = 0; path = "Project-9-NewsApp.app"; sourceTree = BUILT_PRODUCTS_DIR; };
		1AA5CD712ABDB64200EE7BC8 /* AppDelegate.swift */ = {isa = PBXFileReference; lastKnownFileType = sourcecode.swift; path = AppDelegate.swift; sourceTree = "<group>"; };
		1AA5CD732ABDB64200EE7BC8 /* SceneDelegate.swift */ = {isa = PBXFileReference; lastKnownFileType = sourcecode.swift; path = SceneDelegate.swift; sourceTree = "<group>"; };
		1AA5CD752ABDB64200EE7BC8 /* ViewController.swift */ = {isa = PBXFileReference; lastKnownFileType = sourcecode.swift; path = ViewController.swift; sourceTree = "<group>"; };
		1AA5CD782ABDB64200EE7BC8 /* Base */ = {isa = PBXFileReference; lastKnownFileType = file.storyboard; name = Base; path = Base.lproj/Main.storyboard; sourceTree = "<group>"; };
		1AA5CD7A2ABDB64300EE7BC8 /* Assets.xcassets */ = {isa = PBXFileReference; lastKnownFileType = folder.assetcatalog; path = Assets.xcassets; sourceTree = "<group>"; };
		1AA5CD7D2ABDB64300EE7BC8 /* Base */ = {isa = PBXFileReference; lastKnownFileType = file.storyboard; name = Base; path = Base.lproj/LaunchScreen.storyboard; sourceTree = "<group>"; };
		1AA5CD7F2ABDB64300EE7BC8 /* Info.plist */ = {isa = PBXFileReference; lastKnownFileType = text.plist.xml; path = Info.plist; sourceTree = "<group>"; };
		1AA5CD852ABDB9E200EE7BC8 /* APICaller.swift */ = {isa = PBXFileReference; lastKnownFileType = sourcecode.swift; path = APICaller.swift; sourceTree = "<group>"; };
		1AA5CD872ABDBE4700EE7BC8 /* News.swift */ = {isa = PBXFileReference; lastKnownFileType = sourcecode.swift; path = News.swift; sourceTree = "<group>"; };
		1AA5CD892ABDE30000EE7BC8 /* NewsTableViewCell.swift */ = {isa = PBXFileReference; lastKnownFileType = sourcecode.swift; path = NewsTableViewCell.swift; sourceTree = "<group>"; };
		1AA5CD8A2ABDE30000EE7BC8 /* NewsTableViewCell.xib */ = {isa = PBXFileReference; lastKnownFileType = file.xib; path = NewsTableViewCell.xib; sourceTree = "<group>"; };
/* End PBXFileReference section */

/* Begin PBXFrameworksBuildPhase section */
		1AA5CD6B2ABDB64200EE7BC8 /* Frameworks */ = {
			isa = PBXFrameworksBuildPhase;
			buildActionMask = 2147483647;
			files = (
			);
			runOnlyForDeploymentPostprocessing = 0;
		};
/* End PBXFrameworksBuildPhase section */

/* Begin PBXGroup section */
		1AA5CD652ABDB64200EE7BC8 = {
			isa = PBXGroup;
			children = (
				1AA5CD702ABDB64200EE7BC8 /* Project-9-NewsApp */,
				1AA5CD6F2ABDB64200EE7BC8 /* Products */,
			);
			sourceTree = "<group>";
		};
		1AA5CD6F2ABDB64200EE7BC8 /* Products */ = {
			isa = PBXGroup;
			children = (
				1AA5CD6E2ABDB64200EE7BC8 /* Project-9-NewsApp.app */,
			);
			name = Products;
			sourceTree = "<group>";
		};
		1AA5CD702ABDB64200EE7BC8 /* Project-9-NewsApp */ = {
			isa = PBXGroup;
			children = (
				1AA5CD712ABDB64200EE7BC8 /* AppDelegate.swift */,
				1AA5CD732ABDB64200EE7BC8 /* SceneDelegate.swift */,
				1AA5CD872ABDBE4700EE7BC8 /* News.swift */,
				1AA5CD852ABDB9E200EE7BC8 /* APICaller.swift */,
				1AA5CD752ABDB64200EE7BC8 /* ViewController.swift */,
				1AA5CD772ABDB64200EE7BC8 /* Main.storyboard */,
				1AA5CD892ABDE30000EE7BC8 /* NewsTableViewCell.swift */,
				1AA5CD8A2ABDE30000EE7BC8 /* NewsTableViewCell.xib */,
				1AA5CD7A2ABDB64300EE7BC8 /* Assets.xcassets */,
				1AA5CD7C2ABDB64300EE7BC8 /* LaunchScreen.storyboard */,
				1AA5CD7F2ABDB64300EE7BC8 /* Info.plist */,
			);
			path = "Project-9-NewsApp";
			sourceTree = "<group>";
		};
/* End PBXGroup section */

/* Begin PBXNativeTarget section */
		1AA5CD6D2ABDB64200EE7BC8 /* Project-9-NewsApp */ = {
			isa = PBXNativeTarget;
			buildConfigurationList = 1AA5CD822ABDB64300EE7BC8 /* Build configuration list for PBXNativeTarget "Project-9-NewsApp" */;
			buildPhases = (
				1AA5CD6A2ABDB64200EE7BC8 /* Sources */,
				1AA5CD6B2ABDB64200EE7BC8 /* Frameworks */,
				1AA5CD6C2ABDB64200EE7BC8 /* Resources */,
			);
			buildRules = (
			);
			dependencies = (
			);
			name = "Project-9-NewsApp";
			productName = "Project-9-NewsApp";
			productReference = 1AA5CD6E2ABDB64200EE7BC8 /* Project-9-NewsApp.app */;
			productType = "com.apple.product-type.application";
		};
/* End PBXNativeTarget section */

/* Begin PBXProject section */
		1AA5CD662ABDB64200EE7BC8 /* Project object */ = {
			isa = PBXProject;
			attributes = {
				BuildIndependentTargetsInParallel = 1;
				LastSwiftUpdateCheck = 1430;
				LastUpgradeCheck = 1430;
				TargetAttributes = {
					1AA5CD6D2ABDB64200EE7BC8 = {
						CreatedOnToolsVersion = 14.3;
					};
				};
			};
			buildConfigurationList = 1AA5CD692ABDB64200EE7BC8 /* Build configuration list for PBXProject "Project-9-NewsApp" */;
			compatibilityVersion = "Xcode 14.0";
			developmentRegion = en;
			hasScannedForEncodings = 0;
			knownRegions = (
				en,
				Base,
			);
			mainGroup = 1AA5CD652ABDB64200EE7BC8;
			productRefGroup = 1AA5CD6F2ABDB64200EE7BC8 /* Products */;
			projectDirPath = "";
			projectRoot = "";
			targets = (
				1AA5CD6D2ABDB64200EE7BC8 /* Project-9-NewsApp */,
			);
		};
/* End PBXProject section */

/* Begin PBXResourcesBuildPhase section */
		1AA5CD6C2ABDB64200EE7BC8 /* Resources */ = {
			isa = PBXResourcesBuildPhase;
			buildActionMask = 2147483647;
			files = (
				1AA5CD7E2ABDB64300EE7BC8 /* LaunchScreen.storyboard in Resources */,
				1AA5CD7B2ABDB64300EE7BC8 /* Assets.xcassets in Resources */,
				1AA5CD8C2ABDE30000EE7BC8 /* NewsTableViewCell.xib in Resources */,
				1AA5CD792ABDB64200EE7BC8 /* Main.storyboard in Resources */,
			);
			runOnlyForDeploymentPostprocessing = 0;
		};
/* End PBXResourcesBuildPhase section */

/* Begin PBXSourcesBuildPhase section */
		1AA5CD6A2ABDB64200EE7BC8 /* Sources */ = {
			isa = PBXSourcesBuildPhase;
			buildActionMask = 2147483647;
			files = (
				1AA5CD762ABDB64200EE7BC8 /* ViewController.swift in Sources */,
				1AA5CD722ABDB64200EE7BC8 /* AppDelegate.swift in Sources */,
				1AA5CD8B2ABDE30000EE7BC8 /* NewsTableViewCell.swift in Sources */,
				1AA5CD742ABDB64200EE7BC8 /* SceneDelegate.swift in Sources */,
				1AA5CD882ABDBE4700EE7BC8 /* News.swift in Sources */,
				1AA5CD862ABDB9E200EE7BC8 /* APICaller.swift in Sources */,
			);
			runOnlyForDeploymentPostprocessing = 0;
		};
/* End PBXSourcesBuildPhase section */

/* Begin PBXVariantGroup section */
		1AA5CD772ABDB64200EE7BC8 /* Main.storyboard */ = {
			isa = PBXVariantGroup;
			children = (
				1AA5CD782ABDB64200EE7BC8 /* Base */,
			);
			name = Main.storyboard;
			sourceTree = "<group>";
		};
		1AA5CD7C2ABDB64300EE7BC8 /* LaunchScreen.storyboard */ = {
			isa = PBXVariantGroup;
			children = (
				1AA5CD7D2ABDB64300EE7BC8 /* Base */,
			);
			name = LaunchScreen.storyboard;
			sourceTree = "<group>";
		};
/* End PBXVariantGroup section */

/* Begin XCBuildConfiguration section */
		1AA5CD802ABDB64300EE7BC8 /* Debug */ = {
			isa = XCBuildConfiguration;
			buildSettings = {
				ALWAYS_SEARCH_USER_PATHS = NO;
				CLANG_ANALYZER_NONNULL = YES;
				CLANG_ANALYZER_NUMBER_OBJECT_CONVERSION = YES_AGGRESSIVE;
				CLANG_CXX_LANGUAGE_STANDARD = "gnu++20";
				CLANG_ENABLE_MODULES = YES;
				CLANG_ENABLE_OBJC_ARC = YES;
				CLANG_ENABLE_OBJC_WEAK = YES;
				CLANG_WARN_BLOCK_CAPTURE_AUTORELEASING = YES;
				CLANG_WARN_BOOL_CONVERSION = YES;
				CLANG_WARN_COMMA = YES;
				CLANG_WARN_CONSTANT_CONVERSION = YES;
				CLANG_WARN_DEPRECATED_OBJC_IMPLEMENTATIONS = YES;
				CLANG_WARN_DIRECT_OBJC_ISA_USAGE = YES_ERROR;
				CLANG_WARN_DOCUMENTATION_COMMENTS = YES;
				CLANG_WARN_EMPTY_BODY = YES;
				CLANG_WARN_ENUM_CONVERSION = YES;
				CLANG_WARN_INFINITE_RECURSION = YES;
				CLANG_WARN_INT_CONVERSION = YES;
				CLANG_WARN_NON_LITERAL_NULL_CONVERSION = YES;
				CLANG_WARN_OBJC_IMPLICIT_RETAIN_SELF = YES;
				CLANG_WARN_OBJC_LITERAL_CONVERSION = YES;
				CLANG_WARN_OBJC_ROOT_CLASS = YES_ERROR;
				CLANG_WARN_QUOTED_INCLUDE_IN_FRAMEWORK_HEADER = YES;
				CLANG_WARN_RANGE_LOOP_ANALYSIS = YES;
				CLANG_WARN_STRICT_PROTOTYPES = YES;
				CLANG_WARN_SUSPICIOUS_MOVE = YES;
				CLANG_WARN_UNGUARDED_AVAILABILITY = YES_AGGRESSIVE;
				CLANG_WARN_UNREACHABLE_CODE = YES;
				CLANG_WARN__DUPLICATE_METHOD_MATCH = YES;
				COPY_PHASE_STRIP = NO;
				DEBUG_INFORMATION_FORMAT = dwarf;
				ENABLE_STRICT_OBJC_MSGSEND = YES;
				ENABLE_TESTABILITY = YES;
				GCC_C_LANGUAGE_STANDARD = gnu11;
				GCC_DYNAMIC_NO_PIC = NO;
				GCC_NO_COMMON_BLOCKS = YES;
				GCC_OPTIMIZATION_LEVEL = 0;
				GCC_PREPROCESSOR_DEFINITIONS = (
					"DEBUG=1",
					"$(inherited)",
				);
				GCC_WARN_64_TO_32_BIT_CONVERSION = YES;
				GCC_WARN_ABOUT_RETURN_TYPE = YES_ERROR;
				GCC_WARN_UNDECLARED_SELECTOR = YES;
				GCC_WARN_UNINITIALIZED_AUTOS = YES_AGGRESSIVE;
				GCC_WARN_UNUSED_FUNCTION = YES;
				GCC_WARN_UNUSED_VARIABLE = YES;
				IPHONEOS_DEPLOYMENT_TARGET = 16.4;
				MTL_ENABLE_DEBUG_INFO = INCLUDE_SOURCE;
				MTL_FAST_MATH = YES;
				ONLY_ACTIVE_ARCH = YES;
				SDKROOT = iphoneos;
				SWIFT_ACTIVE_COMPILATION_CONDITIONS = DEBUG;
				SWIFT_OPTIMIZATION_LEVEL = "-Onone";
			};
			name = Debug;
		};
		1AA5CD812ABDB64300EE7BC8 /* Release */ = {
			isa = XCBuildConfiguration;
			buildSettings = {
				ALWAYS_SEARCH_USER_PATHS = NO;
				CLANG_ANALYZER_NONNULL = YES;
				CLANG_ANALYZER_NUMBER_OBJECT_CONVERSION = YES_AGGRESSIVE;
				CLANG_CXX_LANGUAGE_STANDARD = "gnu++20";
				CLANG_ENABLE_MODULES = YES;
				CLANG_ENABLE_OBJC_ARC = YES;
				CLANG_ENABLE_OBJC_WEAK = YES;
				CLANG_WARN_BLOCK_CAPTURE_AUTORELEASING = YES;
				CLANG_WARN_BOOL_CONVERSION = YES;
				CLANG_WARN_COMMA = YES;
				CLANG_WARN_CONSTANT_CONVERSION = YES;
				CLANG_WARN_DEPRECATED_OBJC_IMPLEMENTATIONS = YES;
				CLANG_WARN_DIRECT_OBJC_ISA_USAGE = YES_ERROR;
				CLANG_WARN_DOCUMENTATION_COMMENTS = YES;
				CLANG_WARN_EMPTY_BODY = YES;
				CLANG_WARN_ENUM_CONVERSION = YES;
				CLANG_WARN_INFINITE_RECURSION = YES;
				CLANG_WARN_INT_CONVERSION = YES;
				CLANG_WARN_NON_LITERAL_NULL_CONVERSION = YES;
				CLANG_WARN_OBJC_IMPLICIT_RETAIN_SELF = YES;
				CLANG_WARN_OBJC_LITERAL_CONVERSION = YES;
				CLANG_WARN_OBJC_ROOT_CLASS = YES_ERROR;
				CLANG_WARN_QUOTED_INCLUDE_IN_FRAMEWORK_HEADER = YES;
				CLANG_WARN_RANGE_LOOP_ANALYSIS = YES;
				CLANG_WARN_STRICT_PROTOTYPES = YES;
				CLANG_WARN_SUSPICIOUS_MOVE = YES;
				CLANG_WARN_UNGUARDED_AVAILABILITY = YES_AGGRESSIVE;
				CLANG_WARN_UNREACHABLE_CODE = YES;
				CLANG_WARN__DUPLICATE_METHOD_MATCH = YES;
				COPY_PHASE_STRIP = NO;
				DEBUG_INFORMATION_FORMAT = "dwarf-with-dsym";
				ENABLE_NS_ASSERTIONS = NO;
				ENABLE_STRICT_OBJC_MSGSEND = YES;
				GCC_C_LANGUAGE_STANDARD = gnu11;
				GCC_NO_COMMON_BLOCKS = YES;
				GCC_WARN_64_TO_32_BIT_CONVERSION = YES;
				GCC_WARN_ABOUT_RETURN_TYPE = YES_ERROR;
				GCC_WARN_UNDECLARED_SELECTOR = YES;
				GCC_WARN_UNINITIALIZED_AUTOS = YES_AGGRESSIVE;
				GCC_WARN_UNUSED_FUNCTION = YES;
				GCC_WARN_UNUSED_VARIABLE = YES;
				IPHONEOS_DEPLOYMENT_TARGET = 16.4;
				MTL_ENABLE_DEBUG_INFO = NO;
				MTL_FAST_MATH = YES;
				SDKROOT = iphoneos;
				SWIFT_COMPILATION_MODE = wholemodule;
				SWIFT_OPTIMIZATION_LEVEL = "-O";
				VALIDATE_PRODUCT = YES;
			};
			name = Release;
		};
		1AA5CD832ABDB64300EE7BC8 /* Debug */ = {
			isa = XCBuildConfiguration;
			buildSettings = {
				ASSETCATALOG_COMPILER_APPICON_NAME = AppIcon;
				ASSETCATALOG_COMPILER_GLOBAL_ACCENT_COLOR_NAME = AccentColor;
				CODE_SIGN_STYLE = Automatic;
				CURRENT_PROJECT_VERSION = 1;
				DEVELOPMENT_TEAM = 3L566L7593;
				GENERATE_INFOPLIST_FILE = YES;
				INFOPLIST_FILE = "Project-9-NewsApp/Info.plist";
				INFOPLIST_KEY_UIApplicationSupportsIndirectInputEvents = YES;
				INFOPLIST_KEY_UILaunchStoryboardName = LaunchScreen;
				INFOPLIST_KEY_UIMainStoryboardFile = Main;
				INFOPLIST_KEY_UISupportedInterfaceOrientations_iPad = "UIInterfaceOrientationPortrait UIInterfaceOrientationPortraitUpsideDown UIInterfaceOrientationLandscapeLeft UIInterfaceOrientationLandscapeRight";
				INFOPLIST_KEY_UISupportedInterfaceOrientations_iPhone = "UIInterfaceOrientationPortrait UIInterfaceOrientationLandscapeLeft UIInterfaceOrientationLandscapeRight";
				LD_RUNPATH_SEARCH_PATHS = (
					"$(inherited)",
					"@executable_path/Frameworks",
				);
				MARKETING_VERSION = 1.0;
				PRODUCT_BUNDLE_IDENTIFIER = "com.suhail.Project-7-GetThoseMovies";
				PRODUCT_NAME = "$(TARGET_NAME)";
				SWIFT_EMIT_LOC_STRINGS = YES;
				SWIFT_VERSION = 5.0;
				TARGETED_DEVICE_FAMILY = "1,2";
			};
			name = Debug;
		};
		1AA5CD842ABDB64300EE7BC8 /* Release */ = {
			isa = XCBuildConfiguration;
			buildSettings = {
				ASSETCATALOG_COMPILER_APPICON_NAME = AppIcon;
				ASSETCATALOG_COMPILER_GLOBAL_ACCENT_COLOR_NAME = AccentColor;
				CODE_SIGN_STYLE = Automatic;
				CURRENT_PROJECT_VERSION = 1;
				DEVELOPMENT_TEAM = 3L566L7593;
				GENERATE_INFOPLIST_FILE = YES;
				INFOPLIST_FILE = "Project-9-NewsApp/Info.plist";
				INFOPLIST_KEY_UIApplicationSupportsIndirectInputEvents = YES;
				INFOPLIST_KEY_UILaunchStoryboardName = LaunchScreen;
				INFOPLIST_KEY_UIMainStoryboardFile = Main;
				INFOPLIST_KEY_UISupportedInterfaceOrientations_iPad = "UIInterfaceOrientationPortrait UIInterfaceOrientationPortraitUpsideDown UIInterfaceOrientationLandscapeLeft UIInterfaceOrientationLandscapeRight";
				INFOPLIST_KEY_UISupportedInterfaceOrientations_iPhone = "UIInterfaceOrientationPortrait UIInterfaceOrientationLandscapeLeft UIInterfaceOrientationLandscapeRight";
				LD_RUNPATH_SEARCH_PATHS = (
					"$(inherited)",
					"@executable_path/Frameworks",
				);
				MARKETING_VERSION = 1.0;
				PRODUCT_BUNDLE_IDENTIFIER = "com.suhail.Project-7-GetThoseMovies";
				PRODUCT_NAME = "$(TARGET_NAME)";
				SWIFT_EMIT_LOC_STRINGS = YES;
				SWIFT_VERSION = 5.0;
				TARGETED_DEVICE_FAMILY = "1,2";
			};
			name = Release;
		};
/* End XCBuildConfiguration section */

/* Begin XCConfigurationList section */
		1AA5CD692ABDB64200EE7BC8 /* Build configuration list for PBXProject "Project-9-NewsApp" */ = {
			isa = XCConfigurationList;
			buildConfigurations = (
				1AA5CD802ABDB64300EE7BC8 /* Debug */,
				1AA5CD812ABDB64300EE7BC8 /* Release */,
			);
			defaultConfigurationIsVisible = 0;
			defaultConfigurationName = Release;
		};
		1AA5CD822ABDB64300EE7BC8 /* Build configuration list for PBXNativeTarget "Project-9-NewsApp" */ = {
			isa = XCConfigurationList;
			buildConfigurations = (
				1AA5CD832ABDB64300EE7BC8 /* Debug */,
				1AA5CD842ABDB64300EE7BC8 /* Release */,
			);
			defaultConfigurationIsVisible = 0;
			defaultConfigurationName = Release;
		};
/* End XCConfigurationList section */
	};
	rootObject = 1AA5CD662ABDB64200EE7BC8 /* Project object */;
}
